
Microsoft Visual Studio Solution File, Format Version 12.00
# Visual Studio Version 16
VisualStudioVersion = 16.0.30114.105
MinimumVisualStudioVersion = 10.0.40219.1
Project("{FAE04EC0-301F-11D3-BF4B-00C04F79EFBC}") = "API", "API\API.csproj", "{AE820E62-65D2-4B59-835D-4AC979381F57}"
EndProject
Project("{FAE04EC0-301F-11D3-BF4B-00C04F79EFBC}") = "Application", "Application\Application.csproj", "{D7D29341-AAFD-4423-954A-48528661CB96}"
EndProject
Project("{FAE04EC0-301F-11D3-BF4B-00C04F79EFBC}") = "Persistence", "Persistence\Persistence.csproj", "{03055187-7205-4CBB-BC68-E12937D72E22}"
EndProject
Project("{FAE04EC0-301F-11D3-BF4B-00C04F79EFBC}") = "Domain", "Domain\Domain.csproj", "{C9E2BDBE-027B-4E9A-BDB4-0C2B864BEE59}"
EndProject
Global
	GlobalSection(SolutionConfigurationPlatforms) = preSolution
		Debug|Any CPU = Debug|Any CPU
		Debug|x64 = Debug|x64
		Debug|x86 = Debug|x86
		Release|Any CPU = Release|Any CPU
		Release|x64 = Release|x64
		Release|x86 = Release|x86
	EndGlobalSection
	GlobalSection(SolutionProperties) = preSolution
		HideSolutionNode = FALSE
	EndGlobalSection
	GlobalSection(ProjectConfigurationPlatforms) = postSolution
		{AE820E62-65D2-4B59-835D-4AC979381F57}.Debug|Any CPU.ActiveCfg = Debug|Any CPU
		{AE820E62-65D2-4B59-835D-4AC979381F57}.Debug|Any CPU.Build.0 = Debug|Any CPU
		{AE820E62-65D2-4B59-835D-4AC979381F57}.Debug|x64.ActiveCfg = Debug|Any CPU
		{AE820E62-65D2-4B59-835D-4AC979381F57}.Debug|x64.Build.0 = Debug|Any CPU
		{AE820E62-65D2-4B59-835D-4AC979381F57}.Debug|x86.ActiveCfg = Debug|Any CPU
		{AE820E62-65D2-4B59-835D-4AC979381F57}.Debug|x86.Build.0 = Debug|Any CPU
		{AE820E62-65D2-4B59-835D-4AC979381F57}.Release|Any CPU.ActiveCfg = Release|Any CPU
		{AE820E62-65D2-4B59-835D-4AC979381F57}.Release|Any CPU.Build.0 = Release|Any CPU
		{AE820E62-65D2-4B59-835D-4AC979381F57}.Release|x64.ActiveCfg = Release|Any CPU
		{AE820E62-65D2-4B59-835D-4AC979381F57}.Release|x64.Build.0 = Release|Any CPU
		{AE820E62-65D2-4B59-835D-4AC979381F57}.Release|x86.ActiveCfg = Release|Any CPU
		{AE820E62-65D2-4B59-835D-4AC979381F57}.Release|x86.Build.0 = Release|Any CPU
		{D7D29341-AAFD-4423-954A-48528661CB96}.Debug|Any CPU.ActiveCfg = Debug|Any CPU
		{D7D29341-AAFD-4423-954A-48528661CB96}.Debug|Any CPU.Build.0 = Debug|Any CPU
		{D7D29341-AAFD-4423-954A-48528661CB96}.Debug|x64.ActiveCfg = Debug|Any CPU
		{D7D29341-AAFD-4423-954A-48528661CB96}.Debug|x64.Build.0 = Debug|Any CPU
		{D7D29341-AAFD-4423-954A-48528661CB96}.Debug|x86.ActiveCfg = Debug|Any CPU
		{D7D29341-AAFD-4423-954A-48528661CB96}.Debug|x86.Build.0 = Debug|Any CPU
		{D7D29341-AAFD-4423-954A-48528661CB96}.Release|Any CPU.ActiveCfg = Release|Any CPU
		{D7D29341-AAFD-4423-954A-48528661CB96}.Release|Any CPU.Build.0 = Release|Any CPU
		{D7D29341-AAFD-4423-954A-48528661CB96}.Release|x64.ActiveCfg = Release|Any CPU
		{D7D29341-AAFD-4423-954A-48528661CB96}.Release|x64.Build.0 = Release|Any CPU
		{D7D29341-AAFD-4423-954A-48528661CB96}.Release|x86.ActiveCfg = Release|Any CPU
		{D7D29341-AAFD-4423-954A-48528661CB96}.Release|x86.Build.0 = Release|Any CPU
		{03055187-7205-4CBB-BC68-E12937D72E22}.Debug|Any CPU.ActiveCfg = Debug|Any CPU
		{03055187-7205-4CBB-BC68-E12937D72E22}.Debug|Any CPU.Build.0 = Debug|Any CPU
		{03055187-7205-4CBB-BC68-E12937D72E22}.Debug|x64.ActiveCfg = Debug|Any CPU
		{03055187-7205-4CBB-BC68-E12937D72E22}.Debug|x64.Build.0 = Debug|Any CPU
		{03055187-7205-4CBB-BC68-E12937D72E22}.Debug|x86.ActiveCfg = Debug|Any CPU
		{03055187-7205-4CBB-BC68-E12937D72E22}.Debug|x86.Build.0 = Debug|Any CPU
		{03055187-7205-4CBB-BC68-E12937D72E22}.Release|Any CPU.ActiveCfg = Release|Any CPU
		{03055187-7205-4CBB-BC68-E12937D72E22}.Release|Any CPU.Build.0 = Release|Any CPU
		{03055187-7205-4CBB-BC68-E12937D72E22}.Release|x64.ActiveCfg = Release|Any CPU
		{03055187-7205-4CBB-BC68-E12937D72E22}.Release|x64.Build.0 = Release|Any CPU
		{03055187-7205-4CBB-BC68-E12937D72E22}.Release|x86.ActiveCfg = Release|Any CPU
		{03055187-7205-4CBB-BC68-E12937D72E22}.Release|x86.Build.0 = Release|Any CPU
		{C9E2BDBE-027B-4E9A-BDB4-0C2B864BEE59}.Debug|Any CPU.ActiveCfg = Debug|Any CPU
		{C9E2BDBE-027B-4E9A-BDB4-0C2B864BEE59}.Debug|Any CPU.Build.0 = Debug|Any CPU
		{C9E2BDBE-027B-4E9A-BDB4-0C2B864BEE59}.Debug|x64.ActiveCfg = Debug|Any CPU
		{C9E2BDBE-027B-4E9A-BDB4-0C2B864BEE59}.Debug|x64.Build.0 = Debug|Any CPU
		{C9E2BDBE-027B-4E9A-BDB4-0C2B864BEE59}.Debug|x86.ActiveCfg = Debug|Any CPU
		{C9E2BDBE-027B-4E9A-BDB4-0C2B864BEE59}.Debug|x86.Build.0 = Debug|Any CPU
		{C9E2BDBE-027B-4E9A-BDB4-0C2B864BEE59}.Release|Any CPU.ActiveCfg = Release|Any CPU
		{C9E2BDBE-027B-4E9A-BDB4-0C2B864BEE59}.Release|Any CPU.Build.0 = Release|Any CPU
		{C9E2BDBE-027B-4E9A-BDB4-0C2B864BEE59}.Release|x64.ActiveCfg = Release|Any CPU
		{C9E2BDBE-027B-4E9A-BDB4-0C2B864BEE59}.Release|x64.Build.0 = Release|Any CPU
		{C9E2BDBE-027B-4E9A-BDB4-0C2B864BEE59}.Release|x86.ActiveCfg = Release|Any CPU
		{C9E2BDBE-027B-4E9A-BDB4-0C2B864BEE59}.Release|x86.Build.0 = Release|Any CPU
	EndGlobalSection
EndGlobal
